
Microsoft Visual Studio Solution File, Format Version 12.00
# Visual Studio Version 17
VisualStudioVersion = 17.5.002.0
MinimumVisualStudioVersion = 10.0.40219.1
Project("{9A19103F-16F7-4668-BE54-9A1E7A4F7556}") = "Lab07_Demo", "Lab07_Demo.csproj", "{B1B761FF-9FD0-46F3-A09A-68C6D0F2CEC5}"
EndProject
Global
	GlobalSection(SolutionConfigurationPlatforms) = preSolution
		Debug|Any CPU = Debug|Any CPU
		Release|Any CPU = Release|Any CPU
	EndGlobalSection
	GlobalSection(ProjectConfigurationPlatforms) = postSolution
		{B1B761FF-9FD0-46F3-A09A-68C6D0F2CEC5}.Debug|Any CPU.ActiveCfg = Debug|Any CPU
		{B1B761FF-9FD0-46F3-A09A-68C6D0F2CEC5}.Debug|Any CPU.Build.0 = Debug|Any CPU
		{B1B761FF-9FD0-46F3-A09A-68C6D0F2CEC5}.Release|Any CPU.ActiveCfg = Release|Any CPU
		{B1B761FF-9FD0-46F3-A09A-68C6D0F2CEC5}.Release|Any CPU.Build.0 = Release|Any CPU
	EndGlobalSection
	GlobalSection(SolutionProperties) = preSolution
		HideSolutionNode = FALSE
	EndGlobalSection
	GlobalSection(ExtensibilityGlobals) = postSolution
		SolutionGuid = {E208C13E-575A-4BE5-A1A5-A61332CEA1F9}
	EndGlobalSection
EndGlobal
